
Microsoft Visual Studio Solution File, Format Version 12.00
# Visual Studio 15
Project("{FAE04EC0-301F-11D3-BF4B-00C04F79EFBC}") = "Assembly-CSharp", "Assembly-CSharp.csproj", "{D02E1526-5C76-5723-FBE8-F379A787FA4D}"
EndProject
Project("{FAE04EC0-301F-11D3-BF4B-00C04F79EFBC}") = "PhotonUnityNetworking.Demos", "PhotonUnityNetworking.Demos.csproj", "{F9BFA497-1277-093D-3725-AFC6532AF952}"
EndProject
Project("{FAE04EC0-301F-11D3-BF4B-00C04F79EFBC}") = "PhotonUnityNetworking.Utilities", "PhotonUnityNetworking.Utilities.csproj", "{2F58073D-75ED-7BA0-A614-0558A72B4A5F}"
EndProject
Project("{FAE04EC0-301F-11D3-BF4B-00C04F79EFBC}") = "PhotonChat", "PhotonChat.csproj", "{2AD2A79F-6779-B48A-A20F-BD39B1A97A04}"
EndProject
Project("{FAE04EC0-301F-11D3-BF4B-00C04F79EFBC}") = "PhotonUnityNetworking", "PhotonUnityNetworking.csproj", "{5C8A6177-A567-FA57-C6A7-A16DD5559A4F}"
EndProject
Project("{FAE04EC0-301F-11D3-BF4B-00C04F79EFBC}") = "PhotonRealtime", "PhotonRealtime.csproj", "{BA3A5903-F474-57C5-C872-8FE099E15422}"
EndProject
Project("{FAE04EC0-301F-11D3-BF4B-00C04F79EFBC}") = "PhotonUnityNetworking.Editor", "PhotonUnityNetworking.Editor.csproj", "{B2360F99-6D22-F475-0B6A-59F2D21EF34F}"
EndProject
Project("{FAE04EC0-301F-11D3-BF4B-00C04F79EFBC}") = "PunDemos.DemoHubEditor", "PunDemos.DemoHubEditor.csproj", "{527DD441-D976-D574-CD25-92F69BFF00D6}"
EndProject
Project("{FAE04EC0-301F-11D3-BF4B-00C04F79EFBC}") = "PhotonUnityNetworking.Utilities.PhotonPlayer.Editor", "PhotonUnityNetworking.Utilities.PhotonPlayer.Editor.csproj", "{95C583A9-FC23-20C9-9095-BC533062EF5C}"
EndProject
Project("{FAE04EC0-301F-11D3-BF4B-00C04F79EFBC}") = "PhotonUnityNetworking.Utilities.Culling.Editor", "PhotonUnityNetworking.Utilities.Culling.Editor.csproj", "{E14C407F-F1E3-87CE-3953-BF8BDE69CDB8}"
EndProject
Project("{FAE04EC0-301F-11D3-BF4B-00C04F79EFBC}") = "PunDemos.DemoSlotcarEditor", "PunDemos.DemoSlotcarEditor.csproj", "{2D2785A3-80D8-912E-986D-003B0EC32144}"
EndProject
Global
	GlobalSection(SolutionConfigurationPlatforms) = preSolution
		Debug|Any CPU = Debug|Any CPU
		Release|Any CPU = Release|Any CPU
	EndGlobalSection
	GlobalSection(ProjectConfigurationPlatforms) = postSolution
		{D02E1526-5C76-5723-FBE8-F379A787FA4D}.Debug|Any CPU.ActiveCfg = Debug|Any CPU
		{D02E1526-5C76-5723-FBE8-F379A787FA4D}.Debug|Any CPU.Build.0 = Debug|Any CPU
		{D02E1526-5C76-5723-FBE8-F379A787FA4D}.Release|Any CPU.ActiveCfg = Release|Any CPU
		{D02E1526-5C76-5723-FBE8-F379A787FA4D}.Release|Any CPU.Build.0 = Release|Any CPU
		{F9BFA497-1277-093D-3725-AFC6532AF952}.Debug|Any CPU.ActiveCfg = Debug|Any CPU
		{F9BFA497-1277-093D-3725-AFC6532AF952}.Debug|Any CPU.Build.0 = Debug|Any CPU
		{F9BFA497-1277-093D-3725-AFC6532AF952}.Release|Any CPU.ActiveCfg = Release|Any CPU
		{F9BFA497-1277-093D-3725-AFC6532AF952}.Release|Any CPU.Build.0 = Release|Any CPU
		{2F58073D-75ED-7BA0-A614-0558A72B4A5F}.Debug|Any CPU.ActiveCfg = Debug|Any CPU
		{2F58073D-75ED-7BA0-A614-0558A72B4A5F}.Debug|Any CPU.Build.0 = Debug|Any CPU
		{2F58073D-75ED-7BA0-A614-0558A72B4A5F}.Release|Any CPU.ActiveCfg = Release|Any CPU
		{2F58073D-75ED-7BA0-A614-0558A72B4A5F}.Release|Any CPU.Build.0 = Release|Any CPU
		{2AD2A79F-6779-B48A-A20F-BD39B1A97A04}.Debug|Any CPU.ActiveCfg = Debug|Any CPU
		{2AD2A79F-6779-B48A-A20F-BD39B1A97A04}.Debug|Any CPU.Build.0 = Debug|Any CPU
		{2AD2A79F-6779-B48A-A20F-BD39B1A97A04}.Release|Any CPU.ActiveCfg = Release|Any CPU
		{2AD2A79F-6779-B48A-A20F-BD39B1A97A04}.Release|Any CPU.Build.0 = Release|Any CPU
		{5C8A6177-A567-FA57-C6A7-A16DD5559A4F}.Debug|Any CPU.ActiveCfg = Debug|Any CPU
		{5C8A6177-A567-FA57-C6A7-A16DD5559A4F}.Debug|Any CPU.Build.0 = Debug|Any CPU
		{5C8A6177-A567-FA57-C6A7-A16DD5559A4F}.Release|Any CPU.ActiveCfg = Release|Any CPU
		{5C8A6177-A567-FA57-C6A7-A16DD5559A4F}.Release|Any CPU.Build.0 = Release|Any CPU
		{BA3A5903-F474-57C5-C872-8FE099E15422}.Debug|Any CPU.ActiveCfg = Debug|Any CPU
		{BA3A5903-F474-57C5-C872-8FE099E15422}.Debug|Any CPU.Build.0 = Debug|Any CPU
		{BA3A5903-F474-57C5-C872-8FE099E15422}.Release|Any CPU.ActiveCfg = Release|Any CPU
		{BA3A5903-F474-57C5-C872-8FE099E15422}.Release|Any CPU.Build.0 = Release|Any CPU
		{B2360F99-6D22-F475-0B6A-59F2D21EF34F}.Debug|Any CPU.ActiveCfg = Debug|Any CPU
		{B2360F99-6D22-F475-0B6A-59F2D21EF34F}.Debug|Any CPU.Build.0 = Debug|Any CPU
		{B2360F99-6D22-F475-0B6A-59F2D21EF34F}.Release|Any CPU.ActiveCfg = Release|Any CPU
		{B2360F99-6D22-F475-0B6A-59F2D21EF34F}.Release|Any CPU.Build.0 = Release|Any CPU
		{527DD441-D976-D574-CD25-92F69BFF00D6}.Debug|Any CPU.ActiveCfg = Debug|Any CPU
		{527DD441-D976-D574-CD25-92F69BFF00D6}.Debug|Any CPU.Build.0 = Debug|Any CPU
		{527DD441-D976-D574-CD25-92F69BFF00D6}.Release|Any CPU.ActiveCfg = Release|Any CPU
		{527DD441-D976-D574-CD25-92F69BFF00D6}.Release|Any CPU.Build.0 = Release|Any CPU
		{95C583A9-FC23-20C9-9095-BC533062EF5C}.Debug|Any CPU.ActiveCfg = Debug|Any CPU
		{95C583A9-FC23-20C9-9095-BC533062EF5C}.Debug|Any CPU.Build.0 = Debug|Any CPU
		{95C583A9-FC23-20C9-9095-BC533062EF5C}.Release|Any CPU.ActiveCfg = Release|Any CPU
		{95C583A9-FC23-20C9-9095-BC533062EF5C}.Release|Any CPU.Build.0 = Release|Any CPU
		{E14C407F-F1E3-87CE-3953-BF8BDE69CDB8}.Debug|Any CPU.ActiveCfg = Debug|Any CPU
		{E14C407F-F1E3-87CE-3953-BF8BDE69CDB8}.Debug|Any CPU.Build.0 = Debug|Any CPU
		{E14C407F-F1E3-87CE-3953-BF8BDE69CDB8}.Release|Any CPU.ActiveCfg = Release|Any CPU
		{E14C407F-F1E3-87CE-3953-BF8BDE69CDB8}.Release|Any CPU.Build.0 = Release|Any CPU
		{2D2785A3-80D8-912E-986D-003B0EC32144}.Debug|Any CPU.ActiveCfg = Debug|Any CPU
		{2D2785A3-80D8-912E-986D-003B0EC32144}.Debug|Any CPU.Build.0 = Debug|Any CPU
		{2D2785A3-80D8-912E-986D-003B0EC32144}.Release|Any CPU.ActiveCfg = Release|Any CPU
		{2D2785A3-80D8-912E-986D-003B0EC32144}.Release|Any CPU.Build.0 = Release|Any CPU
	EndGlobalSection
	GlobalSection(SolutionProperties) = preSolution
		HideSolutionNode = FALSE
	EndGlobalSection
EndGlobal
