
Microsoft Visual Studio Solution File, Format Version 11.00
# Visual Studio 2010
Project("{FAE04EC0-301F-11D3-BF4B-00C04F79EFBC}") = "Assembly-CSharp", "Assembly-CSharp.csproj", "{855b4479-754e-2fcf-fcec-dfc3887f6b21}"
EndProject
Project("{FAE04EC0-301F-11D3-BF4B-00C04F79EFBC}") = "PhotonUnityNetworking.Demos", "PhotonUnityNetworking.Demos.csproj", "{db6fbbb1-68c1-8980-81b4-23cf22f40eed}"
EndProject
Project("{FAE04EC0-301F-11D3-BF4B-00C04F79EFBC}") = "PhotonUnityNetworking.Utilities", "PhotonUnityNetworking.Utilities.csproj", "{b2672a84-9994-042e-4963-a3948e06ec3f}"
EndProject
Project("{FAE04EC0-301F-11D3-BF4B-00C04F79EFBC}") = "PhotonChat", "PhotonChat.csproj", "{e663639d-6fbc-e299-362a-c844001a9dc1}"
EndProject
Project("{FAE04EC0-301F-11D3-BF4B-00C04F79EFBC}") = "PhotonUnityNetworking", "PhotonUnityNetworking.csproj", "{41a8eca0-488c-c491-022f-449358671062}"
EndProject
Project("{FAE04EC0-301F-11D3-BF4B-00C04F79EFBC}") = "PhotonRealtime", "PhotonRealtime.csproj", "{af941b94-078d-7bfd-ee71-ca4777172b0f}"
EndProject
Project("{FAE04EC0-301F-11D3-BF4B-00C04F79EFBC}") = "PhotonUnityNetworking.Editor", "PhotonUnityNetworking.Editor.csproj", "{3d05af2d-2b4a-9519-9d69-2696d1932897}"
EndProject
Project("{FAE04EC0-301F-11D3-BF4B-00C04F79EFBC}") = "PunDemos.DemoHubEditor", "PunDemos.DemoHubEditor.csproj", "{eee0c946-bf52-cb94-3dfa-a386fa574f38}"
EndProject
Project("{FAE04EC0-301F-11D3-BF4B-00C04F79EFBC}") = "PhotonUnityNetworking.Utilities.PhotonPlayer.Editor", "PhotonUnityNetworking.Utilities.PhotonPlayer.Editor.csproj", "{5ad20f98-8472-e2bb-ca50-de92b162e013}"
EndProject
Project("{FAE04EC0-301F-11D3-BF4B-00C04F79EFBC}") = "PhotonUnityNetworking.Utilities.Culling.Editor", "PhotonUnityNetworking.Utilities.Culling.Editor.csproj", "{c4305785-cef2-5fb7-4ddd-d46613e21ced}"
EndProject
Project("{FAE04EC0-301F-11D3-BF4B-00C04F79EFBC}") = "PunDemos.DemoSlotcarEditor", "PunDemos.DemoSlotcarEditor.csproj", "{f42d050b-7be3-9052-8785-e96865a5ef4d}"
EndProject
Global
	GlobalSection(SolutionConfigurationPlatforms) = preSolution
		Debug|Any CPU = Debug|Any CPU
		Release|Any CPU = Release|Any CPU
	EndGlobalSection
	GlobalSection(ProjectConfigurationPlatforms) = postSolution
		{855b4479-754e-2fcf-fcec-dfc3887f6b21}.Debug|Any CPU.ActiveCfg = Debug|Any CPU
		{855b4479-754e-2fcf-fcec-dfc3887f6b21}.Debug|Any CPU.Build.0 = Debug|Any CPU
		{855b4479-754e-2fcf-fcec-dfc3887f6b21}.Release|Any CPU.ActiveCfg = Release|Any CPU
		{855b4479-754e-2fcf-fcec-dfc3887f6b21}.Release|Any CPU.Build.0 = Release|Any CPU
		{db6fbbb1-68c1-8980-81b4-23cf22f40eed}.Debug|Any CPU.ActiveCfg = Debug|Any CPU
		{db6fbbb1-68c1-8980-81b4-23cf22f40eed}.Debug|Any CPU.Build.0 = Debug|Any CPU
		{db6fbbb1-68c1-8980-81b4-23cf22f40eed}.Release|Any CPU.ActiveCfg = Release|Any CPU
		{db6fbbb1-68c1-8980-81b4-23cf22f40eed}.Release|Any CPU.Build.0 = Release|Any CPU
		{b2672a84-9994-042e-4963-a3948e06ec3f}.Debug|Any CPU.ActiveCfg = Debug|Any CPU
		{b2672a84-9994-042e-4963-a3948e06ec3f}.Debug|Any CPU.Build.0 = Debug|Any CPU
		{b2672a84-9994-042e-4963-a3948e06ec3f}.Release|Any CPU.ActiveCfg = Release|Any CPU
		{b2672a84-9994-042e-4963-a3948e06ec3f}.Release|Any CPU.Build.0 = Release|Any CPU
		{e663639d-6fbc-e299-362a-c844001a9dc1}.Debug|Any CPU.ActiveCfg = Debug|Any CPU
		{e663639d-6fbc-e299-362a-c844001a9dc1}.Debug|Any CPU.Build.0 = Debug|Any CPU
		{e663639d-6fbc-e299-362a-c844001a9dc1}.Release|Any CPU.ActiveCfg = Release|Any CPU
		{e663639d-6fbc-e299-362a-c844001a9dc1}.Release|Any CPU.Build.0 = Release|Any CPU
		{41a8eca0-488c-c491-022f-449358671062}.Debug|Any CPU.ActiveCfg = Debug|Any CPU
		{41a8eca0-488c-c491-022f-449358671062}.Debug|Any CPU.Build.0 = Debug|Any CPU
		{41a8eca0-488c-c491-022f-449358671062}.Release|Any CPU.ActiveCfg = Release|Any CPU
		{41a8eca0-488c-c491-022f-449358671062}.Release|Any CPU.Build.0 = Release|Any CPU
		{af941b94-078d-7bfd-ee71-ca4777172b0f}.Debug|Any CPU.ActiveCfg = Debug|Any CPU
		{af941b94-078d-7bfd-ee71-ca4777172b0f}.Debug|Any CPU.Build.0 = Debug|Any CPU
		{af941b94-078d-7bfd-ee71-ca4777172b0f}.Release|Any CPU.ActiveCfg = Release|Any CPU
		{af941b94-078d-7bfd-ee71-ca4777172b0f}.Release|Any CPU.Build.0 = Release|Any CPU
		{3d05af2d-2b4a-9519-9d69-2696d1932897}.Debug|Any CPU.ActiveCfg = Debug|Any CPU
		{3d05af2d-2b4a-9519-9d69-2696d1932897}.Debug|Any CPU.Build.0 = Debug|Any CPU
		{3d05af2d-2b4a-9519-9d69-2696d1932897}.Release|Any CPU.ActiveCfg = Release|Any CPU
		{3d05af2d-2b4a-9519-9d69-2696d1932897}.Release|Any CPU.Build.0 = Release|Any CPU
		{eee0c946-bf52-cb94-3dfa-a386fa574f38}.Debug|Any CPU.ActiveCfg = Debug|Any CPU
		{eee0c946-bf52-cb94-3dfa-a386fa574f38}.Debug|Any CPU.Build.0 = Debug|Any CPU
		{eee0c946-bf52-cb94-3dfa-a386fa574f38}.Release|Any CPU.ActiveCfg = Release|Any CPU
		{eee0c946-bf52-cb94-3dfa-a386fa574f38}.Release|Any CPU.Build.0 = Release|Any CPU
		{5ad20f98-8472-e2bb-ca50-de92b162e013}.Debug|Any CPU.ActiveCfg = Debug|Any CPU
		{5ad20f98-8472-e2bb-ca50-de92b162e013}.Debug|Any CPU.Build.0 = Debug|Any CPU
		{5ad20f98-8472-e2bb-ca50-de92b162e013}.Release|Any CPU.ActiveCfg = Release|Any CPU
		{5ad20f98-8472-e2bb-ca50-de92b162e013}.Release|Any CPU.Build.0 = Release|Any CPU
		{c4305785-cef2-5fb7-4ddd-d46613e21ced}.Debug|Any CPU.ActiveCfg = Debug|Any CPU
		{c4305785-cef2-5fb7-4ddd-d46613e21ced}.Debug|Any CPU.Build.0 = Debug|Any CPU
		{c4305785-cef2-5fb7-4ddd-d46613e21ced}.Release|Any CPU.ActiveCfg = Release|Any CPU
		{c4305785-cef2-5fb7-4ddd-d46613e21ced}.Release|Any CPU.Build.0 = Release|Any CPU
		{f42d050b-7be3-9052-8785-e96865a5ef4d}.Debug|Any CPU.ActiveCfg = Debug|Any CPU
		{f42d050b-7be3-9052-8785-e96865a5ef4d}.Debug|Any CPU.Build.0 = Debug|Any CPU
		{f42d050b-7be3-9052-8785-e96865a5ef4d}.Release|Any CPU.ActiveCfg = Release|Any CPU
		{f42d050b-7be3-9052-8785-e96865a5ef4d}.Release|Any CPU.Build.0 = Release|Any CPU
	EndGlobalSection
	GlobalSection(SolutionProperties) = preSolution
		HideSolutionNode = FALSE
	EndGlobalSection
EndGlobal
